// !$*UTF8*$!
{
	archiveVersion = 1;
	classes = {
	};
	objectVersion = 56;
	objects = {

/* Begin PBXBuildFile section */
		9C3E7DB429F54B6A00E09AC4 /* FirebaseAuth in Frameworks */ = {isa = PBXBuildFile; productRef = 9C3E7DB329F54B6A00E09AC4 /* FirebaseAuth */; };
		9C3E7DB629F54B6A00E09AC4 /* FirebaseFirestore in Frameworks */ = {isa = PBXBuildFile; productRef = 9C3E7DB529F54B6A00E09AC4 /* FirebaseFirestore */; };
		9C3E7DB829F54B6A00E09AC4 /* FirebaseFirestoreSwift in Frameworks */ = {isa = PBXBuildFile; productRef = 9C3E7DB729F54B6A00E09AC4 /* FirebaseFirestoreSwift */; };
		9C3E7DBC29F54F0400E09AC4 /* GoogleService-Info.plist in Resources */ = {isa = PBXBuildFile; fileRef = 9C3E7DBB29F54F0400E09AC4 /* GoogleService-Info.plist */; };
		9C3F95ED29F5512A00DE7ABE /* Nudge.swift in Sources */ = {isa = PBXBuildFile; fileRef = 9C3F95EC29F5512A00DE7ABE /* Nudge.swift */; };
		9C3F95EF29F5516700DE7ABE /* NudgesVM.swift in Sources */ = {isa = PBXBuildFile; fileRef = 9C3F95EE29F5516700DE7ABE /* NudgesVM.swift */; };
		9C9BB36329F52A57000F6F6C /* NudgerApp.swift in Sources */ = {isa = PBXBuildFile; fileRef = 9C9BB36229F52A57000F6F6C /* NudgerApp.swift */; };
		9C9BB36529F52A57000F6F6C /* ContentView.swift in Sources */ = {isa = PBXBuildFile; fileRef = 9C9BB36429F52A57000F6F6C /* ContentView.swift */; };
		9C9BB36729F52A58000F6F6C /* Assets.xcassets in Resources */ = {isa = PBXBuildFile; fileRef = 9C9BB36629F52A58000F6F6C /* Assets.xcassets */; };
		9C9BB36A29F52A58000F6F6C /* Preview Assets.xcassets in Resources */ = {isa = PBXBuildFile; fileRef = 9C9BB36929F52A58000F6F6C /* Preview Assets.xcassets */; };
		9C9BB37429F52A58000F6F6C /* NudgerTests.swift in Sources */ = {isa = PBXBuildFile; fileRef = 9C9BB37329F52A58000F6F6C /* NudgerTests.swift */; };
		9C9BB37E29F52A58000F6F6C /* NudgerUITests.swift in Sources */ = {isa = PBXBuildFile; fileRef = 9C9BB37D29F52A58000F6F6C /* NudgerUITests.swift */; };
		9C9BB38029F52A58000F6F6C /* NudgerUITestsLaunchTests.swift in Sources */ = {isa = PBXBuildFile; fileRef = 9C9BB37F29F52A58000F6F6C /* NudgerUITestsLaunchTests.swift */; };
/* End PBXBuildFile section */

/* Begin PBXContainerItemProxy section */
		9C9BB37029F52A58000F6F6C /* PBXContainerItemProxy */ = {
			isa = PBXContainerItemProxy;
			containerPortal = 9C9BB35729F52A57000F6F6C /* Project object */;
			proxyType = 1;
			remoteGlobalIDString = 9C9BB35E29F52A57000F6F6C;
			remoteInfo = Nudger;
		};
		9C9BB37A29F52A58000F6F6C /* PBXContainerItemProxy */ = {
			isa = PBXContainerItemProxy;
			containerPortal = 9C9BB35729F52A57000F6F6C /* Project object */;
			proxyType = 1;
			remoteGlobalIDString = 9C9BB35E29F52A57000F6F6C;
			remoteInfo = Nudger;
		};
/* End PBXContainerItemProxy section */

/* Begin PBXFileReference section */
		9C3E7DBB29F54F0400E09AC4 /* GoogleService-Info.plist */ = {isa = PBXFileReference; fileEncoding = 4; lastKnownFileType = text.plist.xml; path = "GoogleService-Info.plist"; sourceTree = "<group>"; };
		9C3F95EC29F5512A00DE7ABE /* Nudge.swift */ = {isa = PBXFileReference; lastKnownFileType = sourcecode.swift; path = Nudge.swift; sourceTree = "<group>"; };
		9C3F95EE29F5516700DE7ABE /* NudgesVM.swift */ = {isa = PBXFileReference; lastKnownFileType = sourcecode.swift; path = NudgesVM.swift; sourceTree = "<group>"; };
		9C9BB35F29F52A57000F6F6C /* Nudger.app */ = {isa = PBXFileReference; explicitFileType = wrapper.application; includeInIndex = 0; path = Nudger.app; sourceTree = BUILT_PRODUCTS_DIR; };
		9C9BB36229F52A57000F6F6C /* NudgerApp.swift */ = {isa = PBXFileReference; lastKnownFileType = sourcecode.swift; path = NudgerApp.swift; sourceTree = "<group>"; };
		9C9BB36429F52A57000F6F6C /* ContentView.swift */ = {isa = PBXFileReference; lastKnownFileType = sourcecode.swift; path = ContentView.swift; sourceTree = "<group>"; };
		9C9BB36629F52A58000F6F6C /* Assets.xcassets */ = {isa = PBXFileReference; lastKnownFileType = folder.assetcatalog; path = Assets.xcassets; sourceTree = "<group>"; };
		9C9BB36929F52A58000F6F6C /* Preview Assets.xcassets */ = {isa = PBXFileReference; lastKnownFileType = folder.assetcatalog; path = "Preview Assets.xcassets"; sourceTree = "<group>"; };
		9C9BB36F29F52A58000F6F6C /* NudgerTests.xctest */ = {isa = PBXFileReference; explicitFileType = wrapper.cfbundle; includeInIndex = 0; path = NudgerTests.xctest; sourceTree = BUILT_PRODUCTS_DIR; };
		9C9BB37329F52A58000F6F6C /* NudgerTests.swift */ = {isa = PBXFileReference; lastKnownFileType = sourcecode.swift; path = NudgerTests.swift; sourceTree = "<group>"; };
		9C9BB37929F52A58000F6F6C /* NudgerUITests.xctest */ = {isa = PBXFileReference; explicitFileType = wrapper.cfbundle; includeInIndex = 0; path = NudgerUITests.xctest; sourceTree = BUILT_PRODUCTS_DIR; };
		9C9BB37D29F52A58000F6F6C /* NudgerUITests.swift */ = {isa = PBXFileReference; lastKnownFileType = sourcecode.swift; path = NudgerUITests.swift; sourceTree = "<group>"; };
		9C9BB37F29F52A58000F6F6C /* NudgerUITestsLaunchTests.swift */ = {isa = PBXFileReference; lastKnownFileType = sourcecode.swift; path = NudgerUITestsLaunchTests.swift; sourceTree = "<group>"; };
/* End PBXFileReference section */

/* Begin PBXFrameworksBuildPhase section */
		9C9BB35C29F52A57000F6F6C /* Frameworks */ = {
			isa = PBXFrameworksBuildPhase;
			buildActionMask = 2147483647;
			files = (
				9C3E7DB429F54B6A00E09AC4 /* FirebaseAuth in Frameworks */,
				9C3E7DB629F54B6A00E09AC4 /* FirebaseFirestore in Frameworks */,
				9C3E7DB829F54B6A00E09AC4 /* FirebaseFirestoreSwift in Frameworks */,
			);
			runOnlyForDeploymentPostprocessing = 0;
		};
		9C9BB36C29F52A58000F6F6C /* Frameworks */ = {
			isa = PBXFrameworksBuildPhase;
			buildActionMask = 2147483647;
			files = (
			);
			runOnlyForDeploymentPostprocessing = 0;
		};
		9C9BB37629F52A58000F6F6C /* Frameworks */ = {
			isa = PBXFrameworksBuildPhase;
			buildActionMask = 2147483647;
			files = (
			);
			runOnlyForDeploymentPostprocessing = 0;
		};
/* End PBXFrameworksBuildPhase section */

/* Begin PBXGroup section */
		9C3F95F029F7DCC500DE7ABE /* Model */ = {
			isa = PBXGroup;
			children = (
				9C3F95EC29F5512A00DE7ABE /* Nudge.swift */,
			);
			path = Model;
			sourceTree = "<group>";
		};
		9C3F95F129F7DCDC00DE7ABE /* ViewModel */ = {
			isa = PBXGroup;
			children = (
				9C3F95EE29F5516700DE7ABE /* NudgesVM.swift */,
			);
			path = ViewModel;
			sourceTree = "<group>";
		};
		9C9BB35629F52A57000F6F6C = {
			isa = PBXGroup;
			children = (
				9C9BB36129F52A57000F6F6C /* Nudger */,
				9C9BB37229F52A58000F6F6C /* NudgerTests */,
				9C9BB37C29F52A58000F6F6C /* NudgerUITests */,
				9C9BB36029F52A57000F6F6C /* Products */,
			);
			sourceTree = "<group>";
		};
		9C9BB36029F52A57000F6F6C /* Products */ = {
			isa = PBXGroup;
			children = (
				9C9BB35F29F52A57000F6F6C /* Nudger.app */,
				9C9BB36F29F52A58000F6F6C /* NudgerTests.xctest */,
				9C9BB37929F52A58000F6F6C /* NudgerUITests.xctest */,
			);
			name = Products;
			sourceTree = "<group>";
		};
		9C9BB36129F52A57000F6F6C /* Nudger */ = {
			isa = PBXGroup;
			children = (
				9C3F95F129F7DCDC00DE7ABE /* ViewModel */,
				9C3F95F029F7DCC500DE7ABE /* Model */,
				9C9BB36229F52A57000F6F6C /* NudgerApp.swift */,
				9C9BB36429F52A57000F6F6C /* ContentView.swift */,
				9C3E7DBB29F54F0400E09AC4 /* GoogleService-Info.plist */,
				9C9BB36629F52A58000F6F6C /* Assets.xcassets */,
				9C9BB36829F52A58000F6F6C /* Preview Content */,
			);
			path = Nudger;
			sourceTree = "<group>";
		};
		9C9BB36829F52A58000F6F6C /* Preview Content */ = {
			isa = PBXGroup;
			children = (
				9C9BB36929F52A58000F6F6C /* Preview Assets.xcassets */,
			);
			path = "Preview Content";
			sourceTree = "<group>";
		};
		9C9BB37229F52A58000F6F6C /* NudgerTests */ = {
			isa = PBXGroup;
			children = (
				9C9BB37329F52A58000F6F6C /* NudgerTests.swift */,
			);
			path = NudgerTests;
			sourceTree = "<group>";
		};
		9C9BB37C29F52A58000F6F6C /* NudgerUITests */ = {
			isa = PBXGroup;
			children = (
				9C9BB37D29F52A58000F6F6C /* NudgerUITests.swift */,
				9C9BB37F29F52A58000F6F6C /* NudgerUITestsLaunchTests.swift */,
			);
			path = NudgerUITests;
			sourceTree = "<group>";
		};
/* End PBXGroup section */

/* Begin PBXNativeTarget section */
		9C9BB35E29F52A57000F6F6C /* Nudger */ = {
			isa = PBXNativeTarget;
			buildConfigurationList = 9C9BB38329F52A58000F6F6C /* Build configuration list for PBXNativeTarget "Nudger" */;
			buildPhases = (
				9C9BB35B29F52A57000F6F6C /* Sources */,
				9C9BB35C29F52A57000F6F6C /* Frameworks */,
				9C9BB35D29F52A57000F6F6C /* Resources */,
			);
			buildRules = (
			);
			dependencies = (
			);
			name = Nudger;
			packageProductDependencies = (
				9C3E7DB329F54B6A00E09AC4 /* FirebaseAuth */,
				9C3E7DB529F54B6A00E09AC4 /* FirebaseFirestore */,
				9C3E7DB729F54B6A00E09AC4 /* FirebaseFirestoreSwift */,
			);
			productName = Nudger;
			productReference = 9C9BB35F29F52A57000F6F6C /* Nudger.app */;
			productType = "com.apple.product-type.application";
		};
		9C9BB36E29F52A58000F6F6C /* NudgerTests */ = {
			isa = PBXNativeTarget;
			buildConfigurationList = 9C9BB38629F52A58000F6F6C /* Build configuration list for PBXNativeTarget "NudgerTests" */;
			buildPhases = (
				9C9BB36B29F52A58000F6F6C /* Sources */,
				9C9BB36C29F52A58000F6F6C /* Frameworks */,
				9C9BB36D29F52A58000F6F6C /* Resources */,
			);
			buildRules = (
			);
			dependencies = (
				9C9BB37129F52A58000F6F6C /* PBXTargetDependency */,
			);
			name = NudgerTests;
			productName = NudgerTests;
			productReference = 9C9BB36F29F52A58000F6F6C /* NudgerTests.xctest */;
			productType = "com.apple.product-type.bundle.unit-test";
		};
		9C9BB37829F52A58000F6F6C /* NudgerUITests */ = {
			isa = PBXNativeTarget;
			buildConfigurationList = 9C9BB38929F52A58000F6F6C /* Build configuration list for PBXNativeTarget "NudgerUITests" */;
			buildPhases = (
				9C9BB37529F52A58000F6F6C /* Sources */,
				9C9BB37629F52A58000F6F6C /* Frameworks */,
				9C9BB37729F52A58000F6F6C /* Resources */,
			);
			buildRules = (
			);
			dependencies = (
				9C9BB37B29F52A58000F6F6C /* PBXTargetDependency */,
			);
			name = NudgerUITests;
			productName = NudgerUITests;
			productReference = 9C9BB37929F52A58000F6F6C /* NudgerUITests.xctest */;
			productType = "com.apple.product-type.bundle.ui-testing";
		};
/* End PBXNativeTarget section */

/* Begin PBXProject section */
		9C9BB35729F52A57000F6F6C /* Project object */ = {
			isa = PBXProject;
			attributes = {
				BuildIndependentTargetsInParallel = 1;
				LastSwiftUpdateCheck = 1420;
				LastUpgradeCheck = 1420;
				TargetAttributes = {
					9C9BB35E29F52A57000F6F6C = {
						CreatedOnToolsVersion = 14.2;
					};
					9C9BB36E29F52A58000F6F6C = {
						CreatedOnToolsVersion = 14.2;
						TestTargetID = 9C9BB35E29F52A57000F6F6C;
					};
					9C9BB37829F52A58000F6F6C = {
						CreatedOnToolsVersion = 14.2;
						TestTargetID = 9C9BB35E29F52A57000F6F6C;
					};
				};
			};
			buildConfigurationList = 9C9BB35A29F52A57000F6F6C /* Build configuration list for PBXProject "Nudger" */;
			compatibilityVersion = "Xcode 14.0";
			developmentRegion = en;
			hasScannedForEncodings = 0;
			knownRegions = (
				en,
				Base,
			);
			mainGroup = 9C9BB35629F52A57000F6F6C;
			packageReferences = (
				9C3E7DB229F54B6A00E09AC4 /* XCRemoteSwiftPackageReference "firebase-ios-sdk" */,
			);
			productRefGroup = 9C9BB36029F52A57000F6F6C /* Products */;
			projectDirPath = "";
			projectRoot = "";
			targets = (
				9C9BB35E29F52A57000F6F6C /* Nudger */,
				9C9BB36E29F52A58000F6F6C /* NudgerTests */,
				9C9BB37829F52A58000F6F6C /* NudgerUITests */,
			);
		};
/* End PBXProject section */

/* Begin PBXResourcesBuildPhase section */
		9C9BB35D29F52A57000F6F6C /* Resources */ = {
			isa = PBXResourcesBuildPhase;
			buildActionMask = 2147483647;
			files = (
				9C9BB36A29F52A58000F6F6C /* Preview Assets.xcassets in Resources */,
				9C9BB36729F52A58000F6F6C /* Assets.xcassets in Resources */,
				9C3E7DBC29F54F0400E09AC4 /* GoogleService-Info.plist in Resources */,
			);
			runOnlyForDeploymentPostprocessing = 0;
		};
		9C9BB36D29F52A58000F6F6C /* Resources */ = {
			isa = PBXResourcesBuildPhase;
			buildActionMask = 2147483647;
			files = (
			);
			runOnlyForDeploymentPostprocessing = 0;
		};
		9C9BB37729F52A58000F6F6C /* Resources */ = {
			isa = PBXResourcesBuildPhase;
			buildActionMask = 2147483647;
			files = (
			);
			runOnlyForDeploymentPostprocessing = 0;
		};
/* End PBXResourcesBuildPhase section */

/* Begin PBXSourcesBuildPhase section */
		9C9BB35B29F52A57000F6F6C /* Sources */ = {
			isa = PBXSourcesBuildPhase;
			buildActionMask = 2147483647;
			files = (
				9C9BB36529F52A57000F6F6C /* ContentView.swift in Sources */,
				9C3F95ED29F5512A00DE7ABE /* Nudge.swift in Sources */,
				9C3F95EF29F5516700DE7ABE /* NudgesVM.swift in Sources */,
				9C9BB36329F52A57000F6F6C /* NudgerApp.swift in Sources */,
			);
			runOnlyForDeploymentPostprocessing = 0;
		};
		9C9BB36B29F52A58000F6F6C /* Sources */ = {
			isa = PBXSourcesBuildPhase;
			buildActionMask = 2147483647;
			files = (
				9C9BB37429F52A58000F6F6C /* NudgerTests.swift in Sources */,
			);
			runOnlyForDeploymentPostprocessing = 0;
		};
		9C9BB37529F52A58000F6F6C /* Sources */ = {
			isa = PBXSourcesBuildPhase;
			buildActionMask = 2147483647;
			files = (
				9C9BB37E29F52A58000F6F6C /* NudgerUITests.swift in Sources */,
				9C9BB38029F52A58000F6F6C /* NudgerUITestsLaunchTests.swift in Sources */,
			);
			runOnlyForDeploymentPostprocessing = 0;
		};
/* End PBXSourcesBuildPhase section */

/* Begin PBXTargetDependency section */
		9C9BB37129F52A58000F6F6C /* PBXTargetDependency */ = {
			isa = PBXTargetDependency;
			target = 9C9BB35E29F52A57000F6F6C /* Nudger */;
			targetProxy = 9C9BB37029F52A58000F6F6C /* PBXContainerItemProxy */;
		};
		9C9BB37B29F52A58000F6F6C /* PBXTargetDependency */ = {
			isa = PBXTargetDependency;
			target = 9C9BB35E29F52A57000F6F6C /* Nudger */;
			targetProxy = 9C9BB37A29F52A58000F6F6C /* PBXContainerItemProxy */;
		};
/* End PBXTargetDependency section */

/* Begin XCBuildConfiguration section */
		9C9BB38129F52A58000F6F6C /* Debug */ = {
			isa = XCBuildConfiguration;
			buildSettings = {
				ALWAYS_SEARCH_USER_PATHS = NO;
				CLANG_ANALYZER_NONNULL = YES;
				CLANG_ANALYZER_NUMBER_OBJECT_CONVERSION = YES_AGGRESSIVE;
				CLANG_CXX_LANGUAGE_STANDARD = "gnu++20";
				CLANG_ENABLE_MODULES = YES;
				CLANG_ENABLE_OBJC_ARC = YES;
				CLANG_ENABLE_OBJC_WEAK = YES;
				CLANG_WARN_BLOCK_CAPTURE_AUTORELEASING = YES;
				CLANG_WARN_BOOL_CONVERSION = YES;
				CLANG_WARN_COMMA = YES;
				CLANG_WARN_CONSTANT_CONVERSION = YES;
				CLANG_WARN_DEPRECATED_OBJC_IMPLEMENTATIONS = YES;
				CLANG_WARN_DIRECT_OBJC_ISA_USAGE = YES_ERROR;
				CLANG_WARN_DOCUMENTATION_COMMENTS = YES;
				CLANG_WARN_EMPTY_BODY = YES;
				CLANG_WARN_ENUM_CONVERSION = YES;
				CLANG_WARN_INFINITE_RECURSION = YES;
				CLANG_WARN_INT_CONVERSION = YES;
				CLANG_WARN_NON_LITERAL_NULL_CONVERSION = YES;
				CLANG_WARN_OBJC_IMPLICIT_RETAIN_SELF = YES;
				CLANG_WARN_OBJC_LITERAL_CONVERSION = YES;
				CLANG_WARN_OBJC_ROOT_CLASS = YES_ERROR;
				CLANG_WARN_QUOTED_INCLUDE_IN_FRAMEWORK_HEADER = YES;
				CLANG_WARN_RANGE_LOOP_ANALYSIS = YES;
				CLANG_WARN_STRICT_PROTOTYPES = YES;
				CLANG_WARN_SUSPICIOUS_MOVE = YES;
				CLANG_WARN_UNGUARDED_AVAILABILITY = YES_AGGRESSIVE;
				CLANG_WARN_UNREACHABLE_CODE = YES;
				CLANG_WARN__DUPLICATE_METHOD_MATCH = YES;
				COPY_PHASE_STRIP = NO;
				DEBUG_INFORMATION_FORMAT = dwarf;
				ENABLE_STRICT_OBJC_MSGSEND = YES;
				ENABLE_TESTABILITY = YES;
				GCC_C_LANGUAGE_STANDARD = gnu11;
				GCC_DYNAMIC_NO_PIC = NO;
				GCC_NO_COMMON_BLOCKS = YES;
				GCC_OPTIMIZATION_LEVEL = 0;
				GCC_PREPROCESSOR_DEFINITIONS = (
					"DEBUG=1",
					"$(inherited)",
				);
				GCC_WARN_64_TO_32_BIT_CONVERSION = YES;
				GCC_WARN_ABOUT_RETURN_TYPE = YES_ERROR;
				GCC_WARN_UNDECLARED_SELECTOR = YES;
				GCC_WARN_UNINITIALIZED_AUTOS = YES_AGGRESSIVE;
				GCC_WARN_UNUSED_FUNCTION = YES;
				GCC_WARN_UNUSED_VARIABLE = YES;
				IPHONEOS_DEPLOYMENT_TARGET = 16.2;
				MTL_ENABLE_DEBUG_INFO = INCLUDE_SOURCE;
				MTL_FAST_MATH = YES;
				ONLY_ACTIVE_ARCH = YES;
				SDKROOT = iphoneos;
				SWIFT_ACTIVE_COMPILATION_CONDITIONS = DEBUG;
				SWIFT_OPTIMIZATION_LEVEL = "-Onone";
			};
			name = Debug;
		};
		9C9BB38229F52A58000F6F6C /* Release */ = {
			isa = XCBuildConfiguration;
			buildSettings = {
				ALWAYS_SEARCH_USER_PATHS = NO;
				CLANG_ANALYZER_NONNULL = YES;
				CLANG_ANALYZER_NUMBER_OBJECT_CONVERSION = YES_AGGRESSIVE;
				CLANG_CXX_LANGUAGE_STANDARD = "gnu++20";
				CLANG_ENABLE_MODULES = YES;
				CLANG_ENABLE_OBJC_ARC = YES;
				CLANG_ENABLE_OBJC_WEAK = YES;
				CLANG_WARN_BLOCK_CAPTURE_AUTORELEASING = YES;
				CLANG_WARN_BOOL_CONVERSION = YES;
				CLANG_WARN_COMMA = YES;
				CLANG_WARN_CONSTANT_CONVERSION = YES;
				CLANG_WARN_DEPRECATED_OBJC_IMPLEMENTATIONS = YES;
				CLANG_WARN_DIRECT_OBJC_ISA_USAGE = YES_ERROR;
				CLANG_WARN_DOCUMENTATION_COMMENTS = YES;
				CLANG_WARN_EMPTY_BODY = YES;
				CLANG_WARN_ENUM_CONVERSION = YES;
				CLANG_WARN_INFINITE_RECURSION = YES;
				CLANG_WARN_INT_CONVERSION = YES;
				CLANG_WARN_NON_LITERAL_NULL_CONVERSION = YES;
				CLANG_WARN_OBJC_IMPLICIT_RETAIN_SELF = YES;
				CLANG_WARN_OBJC_LITERAL_CONVERSION = YES;
				CLANG_WARN_OBJC_ROOT_CLASS = YES_ERROR;
				CLANG_WARN_QUOTED_INCLUDE_IN_FRAMEWORK_HEADER = YES;
				CLANG_WARN_RANGE_LOOP_ANALYSIS = YES;
				CLANG_WARN_STRICT_PROTOTYPES = YES;
				CLANG_WARN_SUSPICIOUS_MOVE = YES;
				CLANG_WARN_UNGUARDED_AVAILABILITY = YES_AGGRESSIVE;
				CLANG_WARN_UNREACHABLE_CODE = YES;
				CLANG_WARN__DUPLICATE_METHOD_MATCH = YES;
				COPY_PHASE_STRIP = NO;
				DEBUG_INFORMATION_FORMAT = "dwarf-with-dsym";
				ENABLE_NS_ASSERTIONS = NO;
				ENABLE_STRICT_OBJC_MSGSEND = YES;
				GCC_C_LANGUAGE_STANDARD = gnu11;
				GCC_NO_COMMON_BLOCKS = YES;
				GCC_WARN_64_TO_32_BIT_CONVERSION = YES;
				GCC_WARN_ABOUT_RETURN_TYPE = YES_ERROR;
				GCC_WARN_UNDECLARED_SELECTOR = YES;
				GCC_WARN_UNINITIALIZED_AUTOS = YES_AGGRESSIVE;
				GCC_WARN_UNUSED_FUNCTION = YES;
				GCC_WARN_UNUSED_VARIABLE = YES;
				IPHONEOS_DEPLOYMENT_TARGET = 16.2;
				MTL_ENABLE_DEBUG_INFO = NO;
				MTL_FAST_MATH = YES;
				SDKROOT = iphoneos;
				SWIFT_COMPILATION_MODE = wholemodule;
				SWIFT_OPTIMIZATION_LEVEL = "-O";
				VALIDATE_PRODUCT = YES;
			};
			name = Release;
		};
		9C9BB38429F52A58000F6F6C /* Debug */ = {
			isa = XCBuildConfiguration;
			buildSettings = {
				ASSETCATALOG_COMPILER_APPICON_NAME = AppIcon;
				ASSETCATALOG_COMPILER_GLOBAL_ACCENT_COLOR_NAME = AccentColor;
				CODE_SIGN_STYLE = Automatic;
				CURRENT_PROJECT_VERSION = 1;
				DEVELOPMENT_ASSET_PATHS = "\"Nudger/Preview Content\"";
				DEVELOPMENT_TEAM = BCAW25965Q;
				ENABLE_PREVIEWS = YES;
				GENERATE_INFOPLIST_FILE = YES;
				INFOPLIST_KEY_UIApplicationSceneManifest_Generation = YES;
				INFOPLIST_KEY_UIApplicationSupportsIndirectInputEvents = YES;
				INFOPLIST_KEY_UILaunchScreen_Generation = YES;
				INFOPLIST_KEY_UISupportedInterfaceOrientations_iPad = "UIInterfaceOrientationPortrait UIInterfaceOrientationPortraitUpsideDown UIInterfaceOrientationLandscapeLeft UIInterfaceOrientationLandscapeRight";
				INFOPLIST_KEY_UISupportedInterfaceOrientations_iPhone = "UIInterfaceOrientationPortrait UIInterfaceOrientationLandscapeLeft UIInterfaceOrientationLandscapeRight";
				LD_RUNPATH_SEARCH_PATHS = (
					"$(inherited)",
					"@executable_path/Frameworks",
				);
				MARKETING_VERSION = 1.0;
				PRODUCT_BUNDLE_IDENTIFIER = se.folkuniversitetetMA22.tobias.sorensson.Nudger;
				PRODUCT_NAME = "$(TARGET_NAME)";
				SWIFT_EMIT_LOC_STRINGS = YES;
				SWIFT_VERSION = 5.0;
				TARGETED_DEVICE_FAMILY = "1,2";
			};
			name = Debug;
		};
		9C9BB38529F52A58000F6F6C /* Release */ = {
			isa = XCBuildConfiguration;
			buildSettings = {
				ASSETCATALOG_COMPILER_APPICON_NAME = AppIcon;
				ASSETCATALOG_COMPILER_GLOBAL_ACCENT_COLOR_NAME = AccentColor;
				CODE_SIGN_STYLE = Automatic;
				CURRENT_PROJECT_VERSION = 1;
				DEVELOPMENT_ASSET_PATHS = "\"Nudger/Preview Content\"";
				DEVELOPMENT_TEAM = BCAW25965Q;
				ENABLE_PREVIEWS = YES;
				GENERATE_INFOPLIST_FILE = YES;
				INFOPLIST_KEY_UIApplicationSceneManifest_Generation = YES;
				INFOPLIST_KEY_UIApplicationSupportsIndirectInputEvents = YES;
				INFOPLIST_KEY_UILaunchScreen_Generation = YES;
				INFOPLIST_KEY_UISupportedInterfaceOrientations_iPad = "UIInterfaceOrientationPortrait UIInterfaceOrientationPortraitUpsideDown UIInterfaceOrientationLandscapeLeft UIInterfaceOrientationLandscapeRight";
				INFOPLIST_KEY_UISupportedInterfaceOrientations_iPhone = "UIInterfaceOrientationPortrait UIInterfaceOrientationLandscapeLeft UIInterfaceOrientationLandscapeRight";
				LD_RUNPATH_SEARCH_PATHS = (
					"$(inherited)",
					"@executable_path/Frameworks",
				);
				MARKETING_VERSION = 1.0;
				PRODUCT_BUNDLE_IDENTIFIER = se.folkuniversitetetMA22.tobias.sorensson.Nudger;
				PRODUCT_NAME = "$(TARGET_NAME)";
				SWIFT_EMIT_LOC_STRINGS = YES;
				SWIFT_VERSION = 5.0;
				TARGETED_DEVICE_FAMILY = "1,2";
			};
			name = Release;
		};
		9C9BB38729F52A58000F6F6C /* Debug */ = {
			isa = XCBuildConfiguration;
			buildSettings = {
				ALWAYS_EMBED_SWIFT_STANDARD_LIBRARIES = YES;
				BUNDLE_LOADER = "$(TEST_HOST)";
				CODE_SIGN_STYLE = Automatic;
				CURRENT_PROJECT_VERSION = 1;
				DEVELOPMENT_TEAM = BCAW25965Q;
				GENERATE_INFOPLIST_FILE = YES;
				IPHONEOS_DEPLOYMENT_TARGET = 16.2;
				MARKETING_VERSION = 1.0;
				PRODUCT_BUNDLE_IDENTIFIER = se.folkuniversitetetMA22.tobias.sorensson.NudgerTests;
				PRODUCT_NAME = "$(TARGET_NAME)";
				SWIFT_EMIT_LOC_STRINGS = NO;
				SWIFT_VERSION = 5.0;
				TARGETED_DEVICE_FAMILY = "1,2";
				TEST_HOST = "$(BUILT_PRODUCTS_DIR)/Nudger.app/$(BUNDLE_EXECUTABLE_FOLDER_PATH)/Nudger";
			};
			name = Debug;
		};
		9C9BB38829F52A58000F6F6C /* Release */ = {
			isa = XCBuildConfiguration;
			buildSettings = {
				ALWAYS_EMBED_SWIFT_STANDARD_LIBRARIES = YES;
				BUNDLE_LOADER = "$(TEST_HOST)";
				CODE_SIGN_STYLE = Automatic;
				CURRENT_PROJECT_VERSION = 1;
				DEVELOPMENT_TEAM = BCAW25965Q;
				GENERATE_INFOPLIST_FILE = YES;
				IPHONEOS_DEPLOYMENT_TARGET = 16.2;
				MARKETING_VERSION = 1.0;
				PRODUCT_BUNDLE_IDENTIFIER = se.folkuniversitetetMA22.tobias.sorensson.NudgerTests;
				PRODUCT_NAME = "$(TARGET_NAME)";
				SWIFT_EMIT_LOC_STRINGS = NO;
				SWIFT_VERSION = 5.0;
				TARGETED_DEVICE_FAMILY = "1,2";
				TEST_HOST = "$(BUILT_PRODUCTS_DIR)/Nudger.app/$(BUNDLE_EXECUTABLE_FOLDER_PATH)/Nudger";
			};
			name = Release;
		};
		9C9BB38A29F52A58000F6F6C /* Debug */ = {
			isa = XCBuildConfiguration;
			buildSettings = {
				ALWAYS_EMBED_SWIFT_STANDARD_LIBRARIES = YES;
				CODE_SIGN_STYLE = Automatic;
				CURRENT_PROJECT_VERSION = 1;
				DEVELOPMENT_TEAM = BCAW25965Q;
				GENERATE_INFOPLIST_FILE = YES;
				MARKETING_VERSION = 1.0;
				PRODUCT_BUNDLE_IDENTIFIER = se.folkuniversitetetMA22.tobias.sorensson.NudgerUITests;
				PRODUCT_NAME = "$(TARGET_NAME)";
				SWIFT_EMIT_LOC_STRINGS = NO;
				SWIFT_VERSION = 5.0;
				TARGETED_DEVICE_FAMILY = "1,2";
				TEST_TARGET_NAME = Nudger;
			};
			name = Debug;
		};
		9C9BB38B29F52A58000F6F6C /* Release */ = {
			isa = XCBuildConfiguration;
			buildSettings = {
				ALWAYS_EMBED_SWIFT_STANDARD_LIBRARIES = YES;
				CODE_SIGN_STYLE = Automatic;
				CURRENT_PROJECT_VERSION = 1;
				DEVELOPMENT_TEAM = BCAW25965Q;
				GENERATE_INFOPLIST_FILE = YES;
				MARKETING_VERSION = 1.0;
				PRODUCT_BUNDLE_IDENTIFIER = se.folkuniversitetetMA22.tobias.sorensson.NudgerUITests;
				PRODUCT_NAME = "$(TARGET_NAME)";
				SWIFT_EMIT_LOC_STRINGS = NO;
				SWIFT_VERSION = 5.0;
				TARGETED_DEVICE_FAMILY = "1,2";
				TEST_TARGET_NAME = Nudger;
			};
			name = Release;
		};
/* End XCBuildConfiguration section */

/* Begin XCConfigurationList section */
		9C9BB35A29F52A57000F6F6C /* Build configuration list for PBXProject "Nudger" */ = {
			isa = XCConfigurationList;
			buildConfigurations = (
				9C9BB38129F52A58000F6F6C /* Debug */,
				9C9BB38229F52A58000F6F6C /* Release */,
			);
			defaultConfigurationIsVisible = 0;
			defaultConfigurationName = Release;
		};
		9C9BB38329F52A58000F6F6C /* Build configuration list for PBXNativeTarget "Nudger" */ = {
			isa = XCConfigurationList;
			buildConfigurations = (
				9C9BB38429F52A58000F6F6C /* Debug */,
				9C9BB38529F52A58000F6F6C /* Release */,
			);
			defaultConfigurationIsVisible = 0;
			defaultConfigurationName = Release;
		};
		9C9BB38629F52A58000F6F6C /* Build configuration list for PBXNativeTarget "NudgerTests" */ = {
			isa = XCConfigurationList;
			buildConfigurations = (
				9C9BB38729F52A58000F6F6C /* Debug */,
				9C9BB38829F52A58000F6F6C /* Release */,
			);
			defaultConfigurationIsVisible = 0;
			defaultConfigurationName = Release;
		};
		9C9BB38929F52A58000F6F6C /* Build configuration list for PBXNativeTarget "NudgerUITests" */ = {
			isa = XCConfigurationList;
			buildConfigurations = (
				9C9BB38A29F52A58000F6F6C /* Debug */,
				9C9BB38B29F52A58000F6F6C /* Release */,
			);
			defaultConfigurationIsVisible = 0;
			defaultConfigurationName = Release;
		};
/* End XCConfigurationList section */

/* Begin XCRemoteSwiftPackageReference section */
		9C3E7DB229F54B6A00E09AC4 /* XCRemoteSwiftPackageReference "firebase-ios-sdk" */ = {
			isa = XCRemoteSwiftPackageReference;
			repositoryURL = "https://github.com/firebase/firebase-ios-sdk";
			requirement = {
				kind = upToNextMajorVersion;
				minimumVersion = 10.0.0;
			};
		};
/* End XCRemoteSwiftPackageReference section */

/* Begin XCSwiftPackageProductDependency section */
		9C3E7DB329F54B6A00E09AC4 /* FirebaseAuth */ = {
			isa = XCSwiftPackageProductDependency;
			package = 9C3E7DB229F54B6A00E09AC4 /* XCRemoteSwiftPackageReference "firebase-ios-sdk" */;
			productName = FirebaseAuth;
		};
		9C3E7DB529F54B6A00E09AC4 /* FirebaseFirestore */ = {
			isa = XCSwiftPackageProductDependency;
			package = 9C3E7DB229F54B6A00E09AC4 /* XCRemoteSwiftPackageReference "firebase-ios-sdk" */;
			productName = FirebaseFirestore;
		};
		9C3E7DB729F54B6A00E09AC4 /* FirebaseFirestoreSwift */ = {
			isa = XCSwiftPackageProductDependency;
			package = 9C3E7DB229F54B6A00E09AC4 /* XCRemoteSwiftPackageReference "firebase-ios-sdk" */;
			productName = FirebaseFirestoreSwift;
		};
/* End XCSwiftPackageProductDependency section */
	};
	rootObject = 9C9BB35729F52A57000F6F6C /* Project object */;
}
